{
  "name": "spcccomputerclub.github.io",
  "lockfileVersion": 2,
  "requires": true,
  "packages": {
    "": {
      "dependencies": {
        "calendar-base": "^2.0.0"
      }
    },
    "node_modules/calendar-base": {
      "version": "2.0.0",
      "resolved": "https://registry.npmjs.org/calendar-base/-/calendar-base-2.0.0.tgz",
      "integrity": "sha512-joOA/oJPp1Kqu29r3IGVzY3jaRDoO9a+4SSRsqyqm/ST/4h+Gf3ZiSS4cw/JDMtW9gXCNEMIJPedsAh4T3MVDA=="
    }
  },
  "dependencies": {
    "calendar-base": {
      "version": "2.0.0",
      "resolved": "https://registry.npmjs.org/calendar-base/-/calendar-base-2.0.0.tgz",
      "integrity": "sha512-joOA/oJPp1Kqu29r3IGVzY3jaRDoO9a+4SSRsqyqm/ST/4h+Gf3ZiSS4cw/JDMtW9gXCNEMIJPedsAh4T3MVDA=="
    }
  }
}
